
Microsoft Visual Studio Solution File, Format Version 12.00
# Visual Studio 2012
Project("{FAE04EC0-301F-11D3-BF4B-00C04F79EFBC}") = "DynamicHuffman", "alg_kurs\DynamicHuffman.csproj", "{3BF14382-113F-46B0-92E3-B5E4C7249F4F}"
	ProjectSection(ProjectDependencies) = postProject
		{5D4A5F25-D8E2-49E5-A9D2-89A4991E56E6} = {5D4A5F25-D8E2-49E5-A9D2-89A4991E56E6}
	EndProjectSection
EndProject
Project("{FAE04EC0-301F-11D3-BF4B-00C04F79EFBC}") = "Huffman", "Huffman\Huffman.csproj", "{5D4A5F25-D8E2-49E5-A9D2-89A4991E56E6}"
EndProject
Global
	GlobalSection(SolutionConfigurationPlatforms) = preSolution
		Debug|Any CPU = Debug|Any CPU
		Debug|Mixed Platforms = Debug|Mixed Platforms
		Debug|x86 = Debug|x86
		Release|Any CPU = Release|Any CPU
		Release|Mixed Platforms = Release|Mixed Platforms
		Release|x86 = Release|x86
	EndGlobalSection
	GlobalSection(ProjectConfigurationPlatforms) = postSolution
		{3BF14382-113F-46B0-92E3-B5E4C7249F4F}.Debug|Any CPU.ActiveCfg = Debug|x86
		{3BF14382-113F-46B0-92E3-B5E4C7249F4F}.Debug|Mixed Platforms.ActiveCfg = Debug|x86
		{3BF14382-113F-46B0-92E3-B5E4C7249F4F}.Debug|Mixed Platforms.Build.0 = Debug|x86
		{3BF14382-113F-46B0-92E3-B5E4C7249F4F}.Debug|x86.ActiveCfg = Debug|x86
		{3BF14382-113F-46B0-92E3-B5E4C7249F4F}.Debug|x86.Build.0 = Debug|x86
		{3BF14382-113F-46B0-92E3-B5E4C7249F4F}.Release|Any CPU.ActiveCfg = Release|x86
		{3BF14382-113F-46B0-92E3-B5E4C7249F4F}.Release|Mixed Platforms.ActiveCfg = Release|x86
		{3BF14382-113F-46B0-92E3-B5E4C7249F4F}.Release|Mixed Platforms.Build.0 = Release|x86
		{3BF14382-113F-46B0-92E3-B5E4C7249F4F}.Release|x86.ActiveCfg = Release|x86
		{3BF14382-113F-46B0-92E3-B5E4C7249F4F}.Release|x86.Build.0 = Release|x86
		{5D4A5F25-D8E2-49E5-A9D2-89A4991E56E6}.Debug|Any CPU.ActiveCfg = Debug|Any CPU
		{5D4A5F25-D8E2-49E5-A9D2-89A4991E56E6}.Debug|Any CPU.Build.0 = Debug|Any CPU
		{5D4A5F25-D8E2-49E5-A9D2-89A4991E56E6}.Debug|Mixed Platforms.ActiveCfg = Debug|Any CPU
		{5D4A5F25-D8E2-49E5-A9D2-89A4991E56E6}.Debug|Mixed Platforms.Build.0 = Debug|Any CPU
		{5D4A5F25-D8E2-49E5-A9D2-89A4991E56E6}.Debug|x86.ActiveCfg = Debug|Any CPU
		{5D4A5F25-D8E2-49E5-A9D2-89A4991E56E6}.Release|Any CPU.ActiveCfg = Release|Any CPU
		{5D4A5F25-D8E2-49E5-A9D2-89A4991E56E6}.Release|Any CPU.Build.0 = Release|Any CPU
		{5D4A5F25-D8E2-49E5-A9D2-89A4991E56E6}.Release|Mixed Platforms.ActiveCfg = Release|Any CPU
		{5D4A5F25-D8E2-49E5-A9D2-89A4991E56E6}.Release|Mixed Platforms.Build.0 = Release|Any CPU
		{5D4A5F25-D8E2-49E5-A9D2-89A4991E56E6}.Release|x86.ActiveCfg = Release|Any CPU
	EndGlobalSection
	GlobalSection(SolutionProperties) = preSolution
		HideSolutionNode = FALSE
	EndGlobalSection
EndGlobal
